// !$*UTF8*$!
{
	archiveVersion = 1;
	classes = {
	};
	objectVersion = 56;
	objects = {

/* Begin PBXBuildFile section */
		A61124822A7E0C5A005F9CCE /* Extenstions.swift in Sources */ = {isa = PBXBuildFile; fileRef = A61124812A7E0C5A005F9CCE /* Extenstions.swift */; };
		A61124842A7E0FA8005F9CCE /* Constants.swift in Sources */ = {isa = PBXBuildFile; fileRef = A61124832A7E0FA8005F9CCE /* Constants.swift */; };
		A61124862A7E4525005F9CCE /* ProfileView.swift in Sources */ = {isa = PBXBuildFile; fileRef = A61124852A7E4525005F9CCE /* ProfileView.swift */; };
		A61124882A7E45B6005F9CCE /* Profile.swift in Sources */ = {isa = PBXBuildFile; fileRef = A61124872A7E45B6005F9CCE /* Profile.swift */; };
		A611248B2A7E4C8F005F9CCE /* ProfileViewDelegate.swift in Sources */ = {isa = PBXBuildFile; fileRef = A611248A2A7E4C8F005F9CCE /* ProfileViewDelegate.swift */; };
		A611248D2A7E4EAD005F9CCE /* ProfileViewControllerAssembly.swift in Sources */ = {isa = PBXBuildFile; fileRef = A611248C2A7E4EAD005F9CCE /* ProfileViewControllerAssembly.swift */; };
		A6724FEE2A78E88A00BAFE9D /* AppDelegate.swift in Sources */ = {isa = PBXBuildFile; fileRef = A6724FED2A78E88A00BAFE9D /* AppDelegate.swift */; };
		A6724FF02A78E88A00BAFE9D /* SceneDelegate.swift in Sources */ = {isa = PBXBuildFile; fileRef = A6724FEF2A78E88A00BAFE9D /* SceneDelegate.swift */; };
		A6724FF22A78E88A00BAFE9D /* ProfileViewController.swift in Sources */ = {isa = PBXBuildFile; fileRef = A6724FF12A78E88A00BAFE9D /* ProfileViewController.swift */; };
		A6724FF72A78E88B00BAFE9D /* Assets.xcassets in Resources */ = {isa = PBXBuildFile; fileRef = A6724FF62A78E88B00BAFE9D /* Assets.xcassets */; };
		A6724FFA2A78E88B00BAFE9D /* LaunchScreen.storyboard in Resources */ = {isa = PBXBuildFile; fileRef = A6724FF82A78E88B00BAFE9D /* LaunchScreen.storyboard */; };
		A6BD695D2A7E0AF90055FE2F /* Localizable.strings in Resources */ = {isa = PBXBuildFile; fileRef = A6BD695F2A7E0AF90055FE2F /* Localizable.strings */; };
/* End PBXBuildFile section */

/* Begin PBXFileReference section */
		A611247E2A7E0C35005F9CCE /* ru */ = {isa = PBXFileReference; lastKnownFileType = text.plist.strings; name = ru; path = ru.lproj/LaunchScreen.strings; sourceTree = "<group>"; };
		A611247F2A7E0C35005F9CCE /* ru */ = {isa = PBXFileReference; lastKnownFileType = text.plist.strings; name = ru; path = ru.lproj/Localizable.strings; sourceTree = "<group>"; };
		A61124812A7E0C5A005F9CCE /* Extenstions.swift */ = {isa = PBXFileReference; lastKnownFileType = sourcecode.swift; path = Extenstions.swift; sourceTree = "<group>"; };
		A61124832A7E0FA8005F9CCE /* Constants.swift */ = {isa = PBXFileReference; lastKnownFileType = sourcecode.swift; path = Constants.swift; sourceTree = "<group>"; };
		A61124852A7E4525005F9CCE /* ProfileView.swift */ = {isa = PBXFileReference; lastKnownFileType = sourcecode.swift; path = ProfileView.swift; sourceTree = "<group>"; };
		A61124872A7E45B6005F9CCE /* Profile.swift */ = {isa = PBXFileReference; lastKnownFileType = sourcecode.swift; path = Profile.swift; sourceTree = "<group>"; };
		A611248A2A7E4C8F005F9CCE /* ProfileViewDelegate.swift */ = {isa = PBXFileReference; lastKnownFileType = sourcecode.swift; path = ProfileViewDelegate.swift; sourceTree = "<group>"; };
		A611248C2A7E4EAD005F9CCE /* ProfileViewControllerAssembly.swift */ = {isa = PBXFileReference; lastKnownFileType = sourcecode.swift; path = ProfileViewControllerAssembly.swift; sourceTree = "<group>"; };
		A6724FEA2A78E88A00BAFE9D /* MySkills.app */ = {isa = PBXFileReference; explicitFileType = wrapper.application; includeInIndex = 0; path = MySkills.app; sourceTree = BUILT_PRODUCTS_DIR; };
		A6724FED2A78E88A00BAFE9D /* AppDelegate.swift */ = {isa = PBXFileReference; lastKnownFileType = sourcecode.swift; path = AppDelegate.swift; sourceTree = "<group>"; };
		A6724FEF2A78E88A00BAFE9D /* SceneDelegate.swift */ = {isa = PBXFileReference; lastKnownFileType = sourcecode.swift; path = SceneDelegate.swift; sourceTree = "<group>"; };
		A6724FF12A78E88A00BAFE9D /* ProfileViewController.swift */ = {isa = PBXFileReference; lastKnownFileType = sourcecode.swift; path = ProfileViewController.swift; sourceTree = "<group>"; };
		A6724FF62A78E88B00BAFE9D /* Assets.xcassets */ = {isa = PBXFileReference; lastKnownFileType = folder.assetcatalog; path = Assets.xcassets; sourceTree = "<group>"; };
		A6724FF92A78E88B00BAFE9D /* Base */ = {isa = PBXFileReference; lastKnownFileType = file.storyboard; name = Base; path = Base.lproj/LaunchScreen.storyboard; sourceTree = "<group>"; };
		A6724FFB2A78E88B00BAFE9D /* Info.plist */ = {isa = PBXFileReference; lastKnownFileType = text.plist.xml; path = Info.plist; sourceTree = "<group>"; };
		A6BD695E2A7E0AF90055FE2F /* en */ = {isa = PBXFileReference; lastKnownFileType = text.plist.strings; name = en; path = en.lproj/Localizable.strings; sourceTree = "<group>"; };
/* End PBXFileReference section */

/* Begin PBXFrameworksBuildPhase section */
		A6724FE72A78E88A00BAFE9D /* Frameworks */ = {
			isa = PBXFrameworksBuildPhase;
			buildActionMask = 2147483647;
			files = (
			);
			runOnlyForDeploymentPostprocessing = 0;
		};
/* End PBXFrameworksBuildPhase section */

/* Begin PBXGroup section */
		A61124802A7E0C4B005F9CCE /* Extensions */ = {
			isa = PBXGroup;
			children = (
				A61124812A7E0C5A005F9CCE /* Extenstions.swift */,
			);
			path = Extensions;
			sourceTree = "<group>";
		};
		A61124892A7E4C7F005F9CCE /* Delegate */ = {
			isa = PBXGroup;
			children = (
				A611248A2A7E4C8F005F9CCE /* ProfileViewDelegate.swift */,
			);
			path = Delegate;
			sourceTree = "<group>";
		};
		A63456B62A78EBE2003D70E9 /* Resources */ = {
			isa = PBXGroup;
			children = (
				A61124802A7E0C4B005F9CCE /* Extensions */,
				A6724FED2A78E88A00BAFE9D /* AppDelegate.swift */,
				A6724FEF2A78E88A00BAFE9D /* SceneDelegate.swift */,
				A61124832A7E0FA8005F9CCE /* Constants.swift */,
			);
			path = Resources;
			sourceTree = "<group>";
		};
		A63456B92A792C72003D70E9 /* Controller */ = {
			isa = PBXGroup;
			children = (
				A6724FF12A78E88A00BAFE9D /* ProfileViewController.swift */,
				A611248C2A7E4EAD005F9CCE /* ProfileViewControllerAssembly.swift */,
			);
			path = Controller;
			sourceTree = "<group>";
		};
		A6724FE12A78E88A00BAFE9D = {
			isa = PBXGroup;
			children = (
				A6724FEC2A78E88A00BAFE9D /* MySkills */,
				A6724FEB2A78E88A00BAFE9D /* Products */,
			);
			sourceTree = "<group>";
		};
		A6724FEB2A78E88A00BAFE9D /* Products */ = {
			isa = PBXGroup;
			children = (
				A6724FEA2A78E88A00BAFE9D /* MySkills.app */,
			);
			name = Products;
			sourceTree = "<group>";
		};
		A6724FEC2A78E88A00BAFE9D /* MySkills */ = {
			isa = PBXGroup;
			children = (
				A6BD695A2A7E0ACA0055FE2F /* Localization */,
				A63456B62A78EBE2003D70E9 /* Resources */,
				A67250012A78E93900BAFE9D /* Model */,
				A67250022A78E94700BAFE9D /* View */,
				A63456B92A792C72003D70E9 /* Controller */,
				A6724FF62A78E88B00BAFE9D /* Assets.xcassets */,
				A6724FF82A78E88B00BAFE9D /* LaunchScreen.storyboard */,
				A6724FFB2A78E88B00BAFE9D /* Info.plist */,
			);
			path = MySkills;
			sourceTree = "<group>";
		};
		A67250012A78E93900BAFE9D /* Model */ = {
			isa = PBXGroup;
			children = (
				A61124872A7E45B6005F9CCE /* Profile.swift */,
			);
			path = Model;
			sourceTree = "<group>";
		};
		A67250022A78E94700BAFE9D /* View */ = {
			isa = PBXGroup;
			children = (
				A61124892A7E4C7F005F9CCE /* Delegate */,
				A61124852A7E4525005F9CCE /* ProfileView.swift */,
			);
			path = View;
			sourceTree = "<group>";
		};
		A6BD695A2A7E0ACA0055FE2F /* Localization */ = {
			isa = PBXGroup;
			children = (
				A6BD695F2A7E0AF90055FE2F /* Localizable.strings */,
			);
			path = Localization;
			sourceTree = "<group>";
		};
/* End PBXGroup section */

/* Begin PBXNativeTarget section */
		A6724FE92A78E88A00BAFE9D /* MySkills */ = {
			isa = PBXNativeTarget;
			buildConfigurationList = A6724FFE2A78E88B00BAFE9D /* Build configuration list for PBXNativeTarget "MySkills" */;
			buildPhases = (
				A6724FE62A78E88A00BAFE9D /* Sources */,
				A6724FE72A78E88A00BAFE9D /* Frameworks */,
				A6724FE82A78E88A00BAFE9D /* Resources */,
			);
			buildRules = (
			);
			dependencies = (
			);
			name = MySkills;
			productName = MySkills;
			productReference = A6724FEA2A78E88A00BAFE9D /* MySkills.app */;
			productType = "com.apple.product-type.application";
		};
/* End PBXNativeTarget section */

/* Begin PBXProject section */
		A6724FE22A78E88A00BAFE9D /* Project object */ = {
			isa = PBXProject;
			attributes = {
				BuildIndependentTargetsInParallel = 1;
				LastSwiftUpdateCheck = 1430;
				LastUpgradeCheck = 1430;
				TargetAttributes = {
					A6724FE92A78E88A00BAFE9D = {
						CreatedOnToolsVersion = 14.3.1;
					};
				};
			};
			buildConfigurationList = A6724FE52A78E88A00BAFE9D /* Build configuration list for PBXProject "MySkills" */;
			compatibilityVersion = "Xcode 14.0";
			developmentRegion = en;
			hasScannedForEncodings = 0;
			knownRegions = (
				en,
				Base,
				ru,
			);
			mainGroup = A6724FE12A78E88A00BAFE9D;
			productRefGroup = A6724FEB2A78E88A00BAFE9D /* Products */;
			projectDirPath = "";
			projectRoot = "";
			targets = (
				A6724FE92A78E88A00BAFE9D /* MySkills */,
			);
		};
/* End PBXProject section */

/* Begin PBXResourcesBuildPhase section */
		A6724FE82A78E88A00BAFE9D /* Resources */ = {
			isa = PBXResourcesBuildPhase;
			buildActionMask = 2147483647;
			files = (
				A6724FFA2A78E88B00BAFE9D /* LaunchScreen.storyboard in Resources */,
				A6BD695D2A7E0AF90055FE2F /* Localizable.strings in Resources */,
				A6724FF72A78E88B00BAFE9D /* Assets.xcassets in Resources */,
			);
			runOnlyForDeploymentPostprocessing = 0;
		};
/* End PBXResourcesBuildPhase section */

/* Begin PBXSourcesBuildPhase section */
		A6724FE62A78E88A00BAFE9D /* Sources */ = {
			isa = PBXSourcesBuildPhase;
			buildActionMask = 2147483647;
			files = (
				A61124842A7E0FA8005F9CCE /* Constants.swift in Sources */,
				A61124822A7E0C5A005F9CCE /* Extenstions.swift in Sources */,
				A6724FF22A78E88A00BAFE9D /* ProfileViewController.swift in Sources */,
				A611248B2A7E4C8F005F9CCE /* ProfileViewDelegate.swift in Sources */,
				A61124882A7E45B6005F9CCE /* Profile.swift in Sources */,
				A6724FEE2A78E88A00BAFE9D /* AppDelegate.swift in Sources */,
				A61124862A7E4525005F9CCE /* ProfileView.swift in Sources */,
				A611248D2A7E4EAD005F9CCE /* ProfileViewControllerAssembly.swift in Sources */,
				A6724FF02A78E88A00BAFE9D /* SceneDelegate.swift in Sources */,
			);
			runOnlyForDeploymentPostprocessing = 0;
		};
/* End PBXSourcesBuildPhase section */

/* Begin PBXVariantGroup section */
		A6724FF82A78E88B00BAFE9D /* LaunchScreen.storyboard */ = {
			isa = PBXVariantGroup;
			children = (
				A6724FF92A78E88B00BAFE9D /* Base */,
				A611247E2A7E0C35005F9CCE /* ru */,
			);
			name = LaunchScreen.storyboard;
			sourceTree = "<group>";
		};
		A6BD695F2A7E0AF90055FE2F /* Localizable.strings */ = {
			isa = PBXVariantGroup;
			children = (
				A6BD695E2A7E0AF90055FE2F /* en */,
				A611247F2A7E0C35005F9CCE /* ru */,
			);
			name = Localizable.strings;
			sourceTree = "<group>";
		};
/* End PBXVariantGroup section */

/* Begin XCBuildConfiguration section */
		A6724FFC2A78E88B00BAFE9D /* Debug */ = {
			isa = XCBuildConfiguration;
			buildSettings = {
				ALWAYS_SEARCH_USER_PATHS = NO;
				CLANG_ANALYZER_LOCALIZABILITY_NONLOCALIZED = YES;
				CLANG_ANALYZER_NONNULL = YES;
				CLANG_ANALYZER_NUMBER_OBJECT_CONVERSION = YES_AGGRESSIVE;
				CLANG_CXX_LANGUAGE_STANDARD = "gnu++20";
				CLANG_ENABLE_MODULES = YES;
				CLANG_ENABLE_OBJC_ARC = YES;
				CLANG_ENABLE_OBJC_WEAK = YES;
				CLANG_WARN_BLOCK_CAPTURE_AUTORELEASING = YES;
				CLANG_WARN_BOOL_CONVERSION = YES;
				CLANG_WARN_COMMA = YES;
				CLANG_WARN_CONSTANT_CONVERSION = YES;
				CLANG_WARN_DEPRECATED_OBJC_IMPLEMENTATIONS = YES;
				CLANG_WARN_DIRECT_OBJC_ISA_USAGE = YES_ERROR;
				CLANG_WARN_DOCUMENTATION_COMMENTS = YES;
				CLANG_WARN_EMPTY_BODY = YES;
				CLANG_WARN_ENUM_CONVERSION = YES;
				CLANG_WARN_INFINITE_RECURSION = YES;
				CLANG_WARN_INT_CONVERSION = YES;
				CLANG_WARN_NON_LITERAL_NULL_CONVERSION = YES;
				CLANG_WARN_OBJC_IMPLICIT_RETAIN_SELF = YES;
				CLANG_WARN_OBJC_LITERAL_CONVERSION = YES;
				CLANG_WARN_OBJC_ROOT_CLASS = YES_ERROR;
				CLANG_WARN_QUOTED_INCLUDE_IN_FRAMEWORK_HEADER = YES;
				CLANG_WARN_RANGE_LOOP_ANALYSIS = YES;
				CLANG_WARN_STRICT_PROTOTYPES = YES;
				CLANG_WARN_SUSPICIOUS_MOVE = YES;
				CLANG_WARN_UNGUARDED_AVAILABILITY = YES_AGGRESSIVE;
				CLANG_WARN_UNREACHABLE_CODE = YES;
				CLANG_WARN__DUPLICATE_METHOD_MATCH = YES;
				COPY_PHASE_STRIP = NO;
				DEBUG_INFORMATION_FORMAT = dwarf;
				ENABLE_STRICT_OBJC_MSGSEND = YES;
				ENABLE_TESTABILITY = YES;
				GCC_C_LANGUAGE_STANDARD = gnu11;
				GCC_DYNAMIC_NO_PIC = NO;
				GCC_NO_COMMON_BLOCKS = YES;
				GCC_OPTIMIZATION_LEVEL = 0;
				GCC_PREPROCESSOR_DEFINITIONS = (
					"DEBUG=1",
					"$(inherited)",
				);
				GCC_WARN_64_TO_32_BIT_CONVERSION = YES;
				GCC_WARN_ABOUT_RETURN_TYPE = YES_ERROR;
				GCC_WARN_UNDECLARED_SELECTOR = YES;
				GCC_WARN_UNINITIALIZED_AUTOS = YES_AGGRESSIVE;
				GCC_WARN_UNUSED_FUNCTION = YES;
				GCC_WARN_UNUSED_VARIABLE = YES;
				IPHONEOS_DEPLOYMENT_TARGET = 16.4;
				MTL_ENABLE_DEBUG_INFO = INCLUDE_SOURCE;
				MTL_FAST_MATH = YES;
				ONLY_ACTIVE_ARCH = YES;
				SDKROOT = iphoneos;
				SWIFT_ACTIVE_COMPILATION_CONDITIONS = DEBUG;
				SWIFT_OPTIMIZATION_LEVEL = "-Onone";
			};
			name = Debug;
		};
		A6724FFD2A78E88B00BAFE9D /* Release */ = {
			isa = XCBuildConfiguration;
			buildSettings = {
				ALWAYS_SEARCH_USER_PATHS = NO;
				CLANG_ANALYZER_LOCALIZABILITY_NONLOCALIZED = YES;
				CLANG_ANALYZER_NONNULL = YES;
				CLANG_ANALYZER_NUMBER_OBJECT_CONVERSION = YES_AGGRESSIVE;
				CLANG_CXX_LANGUAGE_STANDARD = "gnu++20";
				CLANG_ENABLE_MODULES = YES;
				CLANG_ENABLE_OBJC_ARC = YES;
				CLANG_ENABLE_OBJC_WEAK = YES;
				CLANG_WARN_BLOCK_CAPTURE_AUTORELEASING = YES;
				CLANG_WARN_BOOL_CONVERSION = YES;
				CLANG_WARN_COMMA = YES;
				CLANG_WARN_CONSTANT_CONVERSION = YES;
				CLANG_WARN_DEPRECATED_OBJC_IMPLEMENTATIONS = YES;
				CLANG_WARN_DIRECT_OBJC_ISA_USAGE = YES_ERROR;
				CLANG_WARN_DOCUMENTATION_COMMENTS = YES;
				CLANG_WARN_EMPTY_BODY = YES;
				CLANG_WARN_ENUM_CONVERSION = YES;
				CLANG_WARN_INFINITE_RECURSION = YES;
				CLANG_WARN_INT_CONVERSION = YES;
				CLANG_WARN_NON_LITERAL_NULL_CONVERSION = YES;
				CLANG_WARN_OBJC_IMPLICIT_RETAIN_SELF = YES;
				CLANG_WARN_OBJC_LITERAL_CONVERSION = YES;
				CLANG_WARN_OBJC_ROOT_CLASS = YES_ERROR;
				CLANG_WARN_QUOTED_INCLUDE_IN_FRAMEWORK_HEADER = YES;
				CLANG_WARN_RANGE_LOOP_ANALYSIS = YES;
				CLANG_WARN_STRICT_PROTOTYPES = YES;
				CLANG_WARN_SUSPICIOUS_MOVE = YES;
				CLANG_WARN_UNGUARDED_AVAILABILITY = YES_AGGRESSIVE;
				CLANG_WARN_UNREACHABLE_CODE = YES;
				CLANG_WARN__DUPLICATE_METHOD_MATCH = YES;
				COPY_PHASE_STRIP = NO;
				DEBUG_INFORMATION_FORMAT = "dwarf-with-dsym";
				ENABLE_NS_ASSERTIONS = NO;
				ENABLE_STRICT_OBJC_MSGSEND = YES;
				GCC_C_LANGUAGE_STANDARD = gnu11;
				GCC_NO_COMMON_BLOCKS = YES;
				GCC_WARN_64_TO_32_BIT_CONVERSION = YES;
				GCC_WARN_ABOUT_RETURN_TYPE = YES_ERROR;
				GCC_WARN_UNDECLARED_SELECTOR = YES;
				GCC_WARN_UNINITIALIZED_AUTOS = YES_AGGRESSIVE;
				GCC_WARN_UNUSED_FUNCTION = YES;
				GCC_WARN_UNUSED_VARIABLE = YES;
				IPHONEOS_DEPLOYMENT_TARGET = 16.4;
				MTL_ENABLE_DEBUG_INFO = NO;
				MTL_FAST_MATH = YES;
				SDKROOT = iphoneos;
				SWIFT_COMPILATION_MODE = wholemodule;
				SWIFT_OPTIMIZATION_LEVEL = "-O";
				VALIDATE_PRODUCT = YES;
			};
			name = Release;
		};
		A6724FFF2A78E88B00BAFE9D /* Debug */ = {
			isa = XCBuildConfiguration;
			buildSettings = {
				ASSETCATALOG_COMPILER_APPICON_NAME = AppIcon;
				ASSETCATALOG_COMPILER_GLOBAL_ACCENT_COLOR_NAME = AccentColor;
				CODE_SIGN_STYLE = Automatic;
				CURRENT_PROJECT_VERSION = 1;
				DEVELOPMENT_TEAM = 58P54NX7P7;
				GENERATE_INFOPLIST_FILE = YES;
				INFOPLIST_FILE = MySkills/Info.plist;
				INFOPLIST_KEY_UIApplicationSupportsIndirectInputEvents = YES;
				INFOPLIST_KEY_UILaunchStoryboardName = LaunchScreen;
				INFOPLIST_KEY_UISupportedInterfaceOrientations = UIInterfaceOrientationPortrait;
				LD_RUNPATH_SEARCH_PATHS = (
					"$(inherited)",
					"@executable_path/Frameworks",
				);
				MARKETING_VERSION = 1.0;
				PRODUCT_BUNDLE_IDENTIFIER = idev.kz.MySkills;
				PRODUCT_NAME = "$(TARGET_NAME)";
				SWIFT_EMIT_LOC_STRINGS = YES;
				SWIFT_VERSION = 5.0;
				TARGETED_DEVICE_FAMILY = "1,2";
			};
			name = Debug;
		};
		A67250002A78E88B00BAFE9D /* Release */ = {
			isa = XCBuildConfiguration;
			buildSettings = {
				ASSETCATALOG_COMPILER_APPICON_NAME = AppIcon;
				ASSETCATALOG_COMPILER_GLOBAL_ACCENT_COLOR_NAME = AccentColor;
				CODE_SIGN_STYLE = Automatic;
				CURRENT_PROJECT_VERSION = 1;
				DEVELOPMENT_TEAM = 58P54NX7P7;
				GENERATE_INFOPLIST_FILE = YES;
				INFOPLIST_FILE = MySkills/Info.plist;
				INFOPLIST_KEY_UIApplicationSupportsIndirectInputEvents = YES;
				INFOPLIST_KEY_UILaunchStoryboardName = LaunchScreen;
				INFOPLIST_KEY_UISupportedInterfaceOrientations = UIInterfaceOrientationPortrait;
				LD_RUNPATH_SEARCH_PATHS = (
					"$(inherited)",
					"@executable_path/Frameworks",
				);
				MARKETING_VERSION = 1.0;
				PRODUCT_BUNDLE_IDENTIFIER = idev.kz.MySkills;
				PRODUCT_NAME = "$(TARGET_NAME)";
				SWIFT_EMIT_LOC_STRINGS = YES;
				SWIFT_VERSION = 5.0;
				TARGETED_DEVICE_FAMILY = "1,2";
			};
			name = Release;
		};
/* End XCBuildConfiguration section */

/* Begin XCConfigurationList section */
		A6724FE52A78E88A00BAFE9D /* Build configuration list for PBXProject "MySkills" */ = {
			isa = XCConfigurationList;
			buildConfigurations = (
				A6724FFC2A78E88B00BAFE9D /* Debug */,
				A6724FFD2A78E88B00BAFE9D /* Release */,
			);
			defaultConfigurationIsVisible = 0;
			defaultConfigurationName = Release;
		};
		A6724FFE2A78E88B00BAFE9D /* Build configuration list for PBXNativeTarget "MySkills" */ = {
			isa = XCConfigurationList;
			buildConfigurations = (
				A6724FFF2A78E88B00BAFE9D /* Debug */,
				A67250002A78E88B00BAFE9D /* Release */,
			);
			defaultConfigurationIsVisible = 0;
			defaultConfigurationName = Release;
		};
/* End XCConfigurationList section */
	};
	rootObject = A6724FE22A78E88A00BAFE9D /* Project object */;
}
